
Microsoft Visual Studio Solution File, Format Version 12.00
# Visual Studio Version 16
VisualStudioVersion = 16.0.29326.143
MinimumVisualStudioVersion = 10.0.40219.1
Project("{9A19103F-16F7-4668-BE54-9A1E7A4F7556}") = "Tonsil", "Tonsil\Tonsil.csproj", "{ECB365F3-5681-41BB-A221-54F1D499464A}"
EndProject
Project("{9A19103F-16F7-4668-BE54-9A1E7A4F7556}") = "TonsilTest", "TonsilTest\TonsilTest.csproj", "{B8EA856B-2006-4926-BD70-CCE66BD4DCC9}"
	ProjectSection(ProjectDependencies) = postProject
		{ECB365F3-5681-41BB-A221-54F1D499464A} = {ECB365F3-5681-41BB-A221-54F1D499464A}
	EndProjectSection
EndProject
Project("{FAE04EC0-301F-11D3-BF4B-00C04F79EFBC}") = "TonsilConsole", "TonsilConsole\TonsilConsole.csproj", "{70AE8367-A798-41F1-BE89-6020CEE93114}"
	ProjectSection(ProjectDependencies) = postProject
		{ECB365F3-5681-41BB-A221-54F1D499464A} = {ECB365F3-5681-41BB-A221-54F1D499464A}
	EndProjectSection
EndProject
Global
	GlobalSection(SolutionConfigurationPlatforms) = preSolution
		Debug|Any CPU = Debug|Any CPU
		Release|Any CPU = Release|Any CPU
	EndGlobalSection
	GlobalSection(ProjectConfigurationPlatforms) = postSolution
		{ECB365F3-5681-41BB-A221-54F1D499464A}.Debug|Any CPU.ActiveCfg = Debug|Any CPU
		{ECB365F3-5681-41BB-A221-54F1D499464A}.Debug|Any CPU.Build.0 = Debug|Any CPU
		{ECB365F3-5681-41BB-A221-54F1D499464A}.Release|Any CPU.ActiveCfg = Release|Any CPU
		{ECB365F3-5681-41BB-A221-54F1D499464A}.Release|Any CPU.Build.0 = Release|Any CPU
		{B8EA856B-2006-4926-BD70-CCE66BD4DCC9}.Debug|Any CPU.ActiveCfg = Debug|Any CPU
		{B8EA856B-2006-4926-BD70-CCE66BD4DCC9}.Debug|Any CPU.Build.0 = Debug|Any CPU
		{B8EA856B-2006-4926-BD70-CCE66BD4DCC9}.Release|Any CPU.ActiveCfg = Release|Any CPU
		{B8EA856B-2006-4926-BD70-CCE66BD4DCC9}.Release|Any CPU.Build.0 = Release|Any CPU
		{70AE8367-A798-41F1-BE89-6020CEE93114}.Debug|Any CPU.ActiveCfg = Debug|Any CPU
		{70AE8367-A798-41F1-BE89-6020CEE93114}.Debug|Any CPU.Build.0 = Debug|Any CPU
		{70AE8367-A798-41F1-BE89-6020CEE93114}.Release|Any CPU.ActiveCfg = Release|Any CPU
		{70AE8367-A798-41F1-BE89-6020CEE93114}.Release|Any CPU.Build.0 = Release|Any CPU
	EndGlobalSection
	GlobalSection(SolutionProperties) = preSolution
		HideSolutionNode = FALSE
	EndGlobalSection
	GlobalSection(ExtensibilityGlobals) = postSolution
		SolutionGuid = {7EAD232F-403D-4CAB-87EB-A21CB9EDA6BC}
	EndGlobalSection
EndGlobal
